
Microsoft Visual Studio Solution File, Format Version 12.00
# Visual Studio 15
VisualStudioVersion = 15.0.28307.572
MinimumVisualStudioVersion = 10.0.40219.1
Project("{FAE04EC0-301F-11D3-BF4B-00C04F79EFBC}") = "BasicAuhtenticationHandlers", "BasicAuhtenticationHandlers\BasicAuhtenticationHandlers.csproj", "{EA68DC6A-5B50-41FE-B880-198C2C15C786}"
EndProject
Global
	GlobalSection(SolutionConfigurationPlatforms) = preSolution
		Debug|Any CPU = Debug|Any CPU
		Release|Any CPU = Release|Any CPU
	EndGlobalSection
	GlobalSection(ProjectConfigurationPlatforms) = postSolution
		{EA68DC6A-5B50-41FE-B880-198C2C15C786}.Debug|Any CPU.ActiveCfg = Debug|Any CPU
		{EA68DC6A-5B50-41FE-B880-198C2C15C786}.Debug|Any CPU.Build.0 = Debug|Any CPU
		{EA68DC6A-5B50-41FE-B880-198C2C15C786}.Release|Any CPU.ActiveCfg = Release|Any CPU
		{EA68DC6A-5B50-41FE-B880-198C2C15C786}.Release|Any CPU.Build.0 = Release|Any CPU
	EndGlobalSection
	GlobalSection(SolutionProperties) = preSolution
		HideSolutionNode = FALSE
	EndGlobalSection
	GlobalSection(ExtensibilityGlobals) = postSolution
		SolutionGuid = {4DF87769-C204-4560-9267-B0609235FB6C}
	EndGlobalSection
EndGlobal
